
Microsoft Visual Studio Solution File, Format Version 12.00
# Visual Studio Version 17
VisualStudioVersion = 17.2.32616.157
MinimumVisualStudioVersion = 10.0.40219.1
Project("{FAE04EC0-301F-11D3-BF4B-00C04F79EFBC}") = "SpectrumSerialClient", "SpectrumSerialClient\SpectrumSerialClient.csproj", "{193C3827-6873-4C89-B537-ABE736AB496B}"
EndProject
Global
	GlobalSection(SolutionConfigurationPlatforms) = preSolution
		Debug|Any CPU = Debug|Any CPU
		Release|Any CPU = Release|Any CPU
	EndGlobalSection
	GlobalSection(ProjectConfigurationPlatforms) = postSolution
		{193C3827-6873-4C89-B537-ABE736AB496B}.Debug|Any CPU.ActiveCfg = Debug|Any CPU
		{193C3827-6873-4C89-B537-ABE736AB496B}.Debug|Any CPU.Build.0 = Debug|Any CPU
		{193C3827-6873-4C89-B537-ABE736AB496B}.Release|Any CPU.ActiveCfg = Release|Any CPU
		{193C3827-6873-4C89-B537-ABE736AB496B}.Release|Any CPU.Build.0 = Release|Any CPU
	EndGlobalSection
	GlobalSection(SolutionProperties) = preSolution
		HideSolutionNode = FALSE
	EndGlobalSection
	GlobalSection(ExtensibilityGlobals) = postSolution
		SolutionGuid = {6D3C9324-8C03-463E-9265-1D940AFB8A28}
	EndGlobalSection
EndGlobal
